
Microsoft Visual Studio Solution File, Format Version 12.00
# Visual Studio 15
VisualStudioVersion = 15.0.27703.2035
MinimumVisualStudioVersion = 10.0.40219.1
Project("{FAE04EC0-301F-11D3-BF4B-00C04F79EFBC}") = "EvolentPracticeApi", "EvolentPracticeApi\EvolentPracticeApi.csproj", "{0A40C487-38A6-4496-81B8-B37BD1DE3305}"
EndProject
Project("{FAE04EC0-301F-11D3-BF4B-00C04F79EFBC}") = "EvolentPracticeApi.Tests", "EvolentPracticeApi.Tests\EvolentPracticeApi.Tests.csproj", "{C79D7E1D-924A-414F-80E1-2A7D0D080363}"
EndProject
Global
	GlobalSection(SolutionConfigurationPlatforms) = preSolution
		Debug|Any CPU = Debug|Any CPU
		Release|Any CPU = Release|Any CPU
	EndGlobalSection
	GlobalSection(ProjectConfigurationPlatforms) = postSolution
		{0A40C487-38A6-4496-81B8-B37BD1DE3305}.Debug|Any CPU.ActiveCfg = Debug|Any CPU
		{0A40C487-38A6-4496-81B8-B37BD1DE3305}.Debug|Any CPU.Build.0 = Debug|Any CPU
		{0A40C487-38A6-4496-81B8-B37BD1DE3305}.Release|Any CPU.ActiveCfg = Release|Any CPU
		{0A40C487-38A6-4496-81B8-B37BD1DE3305}.Release|Any CPU.Build.0 = Release|Any CPU
		{C79D7E1D-924A-414F-80E1-2A7D0D080363}.Debug|Any CPU.ActiveCfg = Debug|Any CPU
		{C79D7E1D-924A-414F-80E1-2A7D0D080363}.Debug|Any CPU.Build.0 = Debug|Any CPU
		{C79D7E1D-924A-414F-80E1-2A7D0D080363}.Release|Any CPU.ActiveCfg = Release|Any CPU
		{C79D7E1D-924A-414F-80E1-2A7D0D080363}.Release|Any CPU.Build.0 = Release|Any CPU
	EndGlobalSection
	GlobalSection(SolutionProperties) = preSolution
		HideSolutionNode = FALSE
	EndGlobalSection
	GlobalSection(ExtensibilityGlobals) = postSolution
		SolutionGuid = {F7F513CF-A9E8-4631-805D-562085847754}
	EndGlobalSection
EndGlobal
